
Microsoft Visual Studio Solution File, Format Version 12.00
# Visual Studio 14
VisualStudioVersion = 14.0.23107.0
MinimumVisualStudioVersion = 10.0.40219.1
Project("{2150E333-8FDC-42A3-9474-1A3956D46DE8}") = "Client", "Client", "{FBE0CEAC-E419-40EA-9D6D-3E43BEDF1218}"
EndProject
Project("{8BC9CEB8-8B4A-11D0-8D11-00A0C91BC942}") = "Launcher", "Client\Launcher\Launcher.vcxproj", "{24B080C8-8090-4530-80D4-BAB4B199D027}"
	ProjectSection(ProjectDependencies) = postProject
		{C63953E8-3E3A-467B-8DE0-8F4454AA0710} = {C63953E8-3E3A-467B-8DE0-8F4454AA0710}
		{6A597AFE-0941-4AA2-98E0-4327CA3659B4} = {6A597AFE-0941-4AA2-98E0-4327CA3659B4}
	EndProjectSection
EndProject
Project("{2150E333-8FDC-42A3-9474-1A3956D46DE8}") = "Modules", "Modules", "{C0F20887-BD00-454B-A4BE-BD25F1F75933}"
EndProject
Project("{8BC9CEB8-8B4A-11D0-8D11-00A0C91BC942}") = "Game", "Client\Modules\Game\Game.vcxproj", "{6A597AFE-0941-4AA2-98E0-4327CA3659B4}"
EndProject
Project("{8BC9CEB8-8B4A-11D0-8D11-00A0C91BC942}") = "Core", "Client\Modules\Core\Core.vcxproj", "{C63953E8-3E3A-467B-8DE0-8F4454AA0710}"
EndProject
Global
	GlobalSection(SolutionConfigurationPlatforms) = preSolution
		Debug|x86 = Debug|x86
		DevRelease|x86 = DevRelease|x86
		Release|x86 = Release|x86
	EndGlobalSection
	GlobalSection(ProjectConfigurationPlatforms) = postSolution
		{24B080C8-8090-4530-80D4-BAB4B199D027}.Debug|x86.ActiveCfg = Debug|Win32
		{24B080C8-8090-4530-80D4-BAB4B199D027}.Debug|x86.Build.0 = Debug|Win32
		{24B080C8-8090-4530-80D4-BAB4B199D027}.DevRelease|x86.ActiveCfg = DevRelease|Win32
		{24B080C8-8090-4530-80D4-BAB4B199D027}.DevRelease|x86.Build.0 = DevRelease|Win32
		{24B080C8-8090-4530-80D4-BAB4B199D027}.Release|x86.ActiveCfg = Release|Win32
		{24B080C8-8090-4530-80D4-BAB4B199D027}.Release|x86.Build.0 = Release|Win32
		{6A597AFE-0941-4AA2-98E0-4327CA3659B4}.Debug|x86.ActiveCfg = Debug|Win32
		{6A597AFE-0941-4AA2-98E0-4327CA3659B4}.Debug|x86.Build.0 = Debug|Win32
		{6A597AFE-0941-4AA2-98E0-4327CA3659B4}.DevRelease|x86.ActiveCfg = DevRelease|Win32
		{6A597AFE-0941-4AA2-98E0-4327CA3659B4}.DevRelease|x86.Build.0 = DevRelease|Win32
		{6A597AFE-0941-4AA2-98E0-4327CA3659B4}.Release|x86.ActiveCfg = Release|Win32
		{6A597AFE-0941-4AA2-98E0-4327CA3659B4}.Release|x86.Build.0 = Release|Win32
		{C63953E8-3E3A-467B-8DE0-8F4454AA0710}.Debug|x86.ActiveCfg = Debug|Win32
		{C63953E8-3E3A-467B-8DE0-8F4454AA0710}.Debug|x86.Build.0 = Debug|Win32
		{C63953E8-3E3A-467B-8DE0-8F4454AA0710}.DevRelease|x86.ActiveCfg = DevRelease|Win32
		{C63953E8-3E3A-467B-8DE0-8F4454AA0710}.DevRelease|x86.Build.0 = DevRelease|Win32
		{C63953E8-3E3A-467B-8DE0-8F4454AA0710}.Release|x86.ActiveCfg = Release|Win32
		{C63953E8-3E3A-467B-8DE0-8F4454AA0710}.Release|x86.Build.0 = Release|Win32
	EndGlobalSection
	GlobalSection(SolutionProperties) = preSolution
		HideSolutionNode = FALSE
	EndGlobalSection
	GlobalSection(NestedProjects) = preSolution
		{24B080C8-8090-4530-80D4-BAB4B199D027} = {FBE0CEAC-E419-40EA-9D6D-3E43BEDF1218}
		{C0F20887-BD00-454B-A4BE-BD25F1F75933} = {FBE0CEAC-E419-40EA-9D6D-3E43BEDF1218}
		{6A597AFE-0941-4AA2-98E0-4327CA3659B4} = {C0F20887-BD00-454B-A4BE-BD25F1F75933}
		{C63953E8-3E3A-467B-8DE0-8F4454AA0710} = {C0F20887-BD00-454B-A4BE-BD25F1F75933}
	EndGlobalSection
EndGlobal
